
Microsoft Visual Studio Solution File, Format Version 12.00
# Visual Studio Version 17
VisualStudioVersion = 17.8.34309.116
MinimumVisualStudioVersion = 10.0.40219.1
Project("{FAE04EC0-301F-11D3-BF4B-00C04F79EFBC}") = "Kryptoverfahren test", "Kryptoverfahren test\Kryptoverfahren test.csproj", "{E405EA48-220A-4997-AB0A-DC2570945DD2}"
EndProject
Global
	GlobalSection(SolutionConfigurationPlatforms) = preSolution
		Debug|Any CPU = Debug|Any CPU
		Release|Any CPU = Release|Any CPU
	EndGlobalSection
	GlobalSection(ProjectConfigurationPlatforms) = postSolution
		{E405EA48-220A-4997-AB0A-DC2570945DD2}.Debug|Any CPU.ActiveCfg = Debug|Any CPU
		{E405EA48-220A-4997-AB0A-DC2570945DD2}.Debug|Any CPU.Build.0 = Debug|Any CPU
		{E405EA48-220A-4997-AB0A-DC2570945DD2}.Release|Any CPU.ActiveCfg = Release|Any CPU
		{E405EA48-220A-4997-AB0A-DC2570945DD2}.Release|Any CPU.Build.0 = Release|Any CPU
	EndGlobalSection
	GlobalSection(SolutionProperties) = preSolution
		HideSolutionNode = FALSE
	EndGlobalSection
	GlobalSection(ExtensibilityGlobals) = postSolution
		SolutionGuid = {31236A07-9A0B-4B7C-84FA-50F4711A49EA}
	EndGlobalSection
EndGlobal
